[root]
name = "servo"
version = "0.0.1"

[[package]]
name = "test"
version = "0.4.9"
source = "registry+https://github.com/rust-lang/crates.io-index"

[[package]]
name = "test"
version = "0.5.1"
source = "registry+https://github.com/rust-lang/crates.io-index"

[[package]]
name = "test2"
version = "0.1.0"
source = "git+https://github.com/user/test2#c54edsf"
dependencies = [
 "test 0.4.9 (registry+https://github.com/rust-lang/crates.io-index)",
]

[[package]]
name = "test3"
version = "0.5.1"
source = "registry+https://github.com/rust-lang/crates.io-index"

[[package]]
name = "test3"
version = "0.5.1"
source = "git+https://github.com/user/test3#c54edsf"

[[package]]
name = "test4"
version = "0.1.0"
source = "git+https://github.com/user/test4#c54edsf"
dependencies = [
 "test3 0.5.1 (registry+https://github.com/rust-lang/crates.io-index)",
]

[[package]]
name = "test5"
version = "0.1.0"
source = "git+https://github.com/"
dependencies = [
 "test3 0.5.1 (git+https://github.com/user/test3)",
]
