[root]
name = "servo"
version = "0.0.1"
dependencies = [
 "compositing 0.0.1",
 "gfx 0.0.1",
 "layout 0.0.1",
 "msg 0.0.1",
 "net 0.0.1",
 "script 0.0.1",
 "url 0.1.0 (git+https://github.com/servo/rust-url#bfdf809365600a7941a77524f9bb065886de3379)",
 "util 0.0.1",
]

[[package]]
name = "alert"
version = "0.1.0"
source = "git+https://github.com/servo/rust-alert#fdc24f13be8d8a2d15214ec228d166b3221b809e"
dependencies = [
 "cocoa 0.1.0 (git+https://github.com/servo/rust-cocoa#cfbf6d9d5a68d3c8f424d678aa22096c49136e25)",
 "core_foundation 0.1.0 (git+https://github.com/servo/rust-core-foundation#166a601ff3e0fc3a64ca1a9090d02c8d4f22b61a)",
]

[[package]]
name = "azure"
version = "0.1.0"
source = "git+https://github.com/servo/rust-azure#b357751c04a89a87e6ef1f0cebe5f20957dd112d"
dependencies = [
 "core_foundation 0.1.0 (git+https://github.com/servo/rust-core-foundation#166a601ff3e0fc3a64ca1a9090d02c8d4f22b61a)",
 "core_graphics 0.1.0 (git+https://github.com/servo/rust-core-graphics#6a9919f8a912cc67571b891ba198d5325964a104)",
 "core_text 0.1.0 (git+https://github.com/servo/rust-core-text#1ad11072b31657eeccaf4879c6e98723d488bd3d)",
 "egl 0.1.0 (git+https://github.com/servo/rust-egl#88f2a13812ddbce2bf2317221663a61c31b3e220)",
 "freetype 0.1.0 (git+https://github.com/servo/rust-freetype#0b03da276e4bdeae2300596dabc4ccb16733ad70)",
 "geom 0.1.0 (git+https://github.com/servo/rust-geom#50a294fd997f0c6eb43e9a58ad6e227fdc2a4692)",
 "glfw 0.0.1 (git+https://github.com/servo/glfw-rs?ref=servo#7ccfaca315a43d97914e1601c90ad348ef190edf)",
 "layers 0.1.0 (git+https://github.com/servo/rust-layers#ed570335738913fb41fc62a024389dfa415962e8)",
 "opengles 0.1.0 (git+https://github.com/servo/rust-opengles#6776e9c07feb149d34b087039ecf6b2c143e3afc)",
 "skia-sys 0.0.20130412 (git+https://github.com/servo/skia#6d696712962fd0d41120b7a414a48417da8e6a92)",
 "xlib 0.1.0 (git+https://github.com/servo/rust-xlib#581d4faddec5188d3c3ae5307dbea28aab90644c)",
]

[[package]]
name = "canvas"
version = "0.0.1"
dependencies = [
 "azure 0.1.0 (git+https://github.com/servo/rust-azure#b357751c04a89a87e6ef1f0cebe5f20957dd112d)",
 "geom 0.1.0 (git+https://github.com/servo/rust-geom#50a294fd997f0c6eb43e9a58ad6e227fdc2a4692)",
]

[[package]]
name = "cocoa"
version = "0.1.0"
source = "git+https://github.com/servo/rust-cocoa#cfbf6d9d5a68d3c8f424d678aa22096c49136e25"

[[package]]
name = "compositing"
version = "0.0.1"
dependencies = [
 "alert 0.1.0 (git+https://github.com/servo/rust-alert#fdc24f13be8d8a2d15214ec228d166b3221b809e)",
 "azure 0.1.0 (git+https://github.com/servo/rust-azure#b357751c04a89a87e6ef1f0cebe5f20957dd112d)",
 "core_graphics 0.1.0 (git+https://github.com/servo/rust-core-graphics#6a9919f8a912cc67571b891ba198d5325964a104)",
 "core_text 0.1.0 (git+https://github.com/servo/rust-core-text#1ad11072b31657eeccaf4879c6e98723d488bd3d)",
 "devtools 0.0.1",
 "devtools_traits 0.0.1",
 "geom 0.1.0 (git+https://github.com/servo/rust-geom#50a294fd997f0c6eb43e9a58ad6e227fdc2a4692)",
 "gfx 0.0.1",
 "glfw 0.0.1 (git+https://github.com/servo/glfw-rs?ref=servo#7ccfaca315a43d97914e1601c90ad348ef190edf)",
 "glut 0.0.1 (git+https://github.com/servo/rust-glut#01af0162ea0322ad1a40d6adb023a39813605949)",
 "layers 0.1.0 (git+https://github.com/servo/rust-layers#ed570335738913fb41fc62a024389dfa415962e8)",
 "layout_traits 0.0.1",
 "msg 0.0.1",
 "net 0.0.1",
 "opengles 0.1.0 (git+https://github.com/servo/rust-opengles#6776e9c07feb149d34b087039ecf6b2c143e3afc)",
 "png 0.1.0 (git+https://github.com/servo/rust-png#74418ffbf20e94b0d3bed4a9d004062a13342c79)",
 "script_traits 0.0.1",
 "url 0.1.0 (git+https://github.com/servo/rust-url#bfdf809365600a7941a77524f9bb065886de3379)",
 "util 0.0.1",
]

[[package]]
name = "core_foundation"
version = "0.1.0"
source = "git+https://github.com/servo/rust-core-foundation#166a601ff3e0fc3a64ca1a9090d02c8d4f22b61a"

[[package]]
name = "core_graphics"
version = "0.1.0"
source = "git+https://github.com/servo/rust-core-graphics#6a9919f8a912cc67571b891ba198d5325964a104"
dependencies = [
 "core_foundation 0.1.0 (git+https://github.com/servo/rust-core-foundation#166a601ff3e0fc3a64ca1a9090d02c8d4f22b61a)",
]

[[package]]
name = "core_text"
version = "0.1.0"
source = "git+https://github.com/servo/rust-core-text#1ad11072b31657eeccaf4879c6e98723d488bd3d"
dependencies = [
 "core_foundation 0.1.0 (git+https://github.com/servo/rust-core-foundation#166a601ff3e0fc3a64ca1a9090d02c8d4f22b61a)",
 "core_graphics 0.1.0 (git+https://github.com/servo/rust-core-graphics#6a9919f8a912cc67571b891ba198d5325964a104)",
]

[[package]]
name = "cssparser"
version = "0.1.0"
source = "git+https://github.com/servo/rust-cssparser#fa619d4ffd6920dee6e7ea79f42d9cceb9015407"
dependencies = [
 "encoding 0.1.0 (git+https://github.com/lifthrasiir/rust-encoding#35f0d70f65f73ba16f296f9ec675eddee661ba79)",
]

[[package]]
name = "devtools"
version = "0.0.1"
dependencies = [
 "devtools_traits 0.0.1",
 "msg 0.0.1",
]

[[package]]
name = "devtools_traits"
version = "0.0.1"
dependencies = [
 "msg 0.0.1",
]

[[package]]
name = "egl"
version = "0.1.0"
source = "git+https://github.com/servo/rust-egl#88f2a13812ddbce2bf2317221663a61c31b3e220"

[[package]]
name = "encoding"
version = "0.1.0"
source = "git+https://github.com/lifthrasiir/rust-encoding#35f0d70f65f73ba16f296f9ec675eddee661ba79"

[[package]]
name = "expat-sys"
version = "2.1.0"
source = "git+https://github.com/servo/libexpat#da2ddaf78cbef836b8790807bb76b357c58df3a1"

[[package]]
name = "fontconfig"
version = "0.1.0"
source = "git+https://github.com/servo/rust-fontconfig#b16c1e12ecb74b1e4e9a9b23c2b98580a34cf201"
dependencies = [
 "fontconfig-sys 2.11.1 (git+https://github.com/servo/libfontconfig#fcc324d2c8175d2e8e8c0aab032c03a404809f6d)",
]

[[package]]
name = "fontconfig-sys"
version = "2.11.1"
source = "git+https://github.com/servo/libfontconfig#fcc324d2c8175d2e8e8c0aab032c03a404809f6d"
dependencies = [
 "expat-sys 2.1.0 (git+https://github.com/servo/libexpat#da2ddaf78cbef836b8790807bb76b357c58df3a1)",
 "freetype-sys 2.4.11 (git+https://github.com/servo/libfreetype2#5b6499164106f094937565595c7b96d07de55521)",
]

[[package]]
name = "freetype"
version = "0.1.0"
source = "git+https://github.com/servo/rust-freetype#0b03da276e4bdeae2300596dabc4ccb16733ad70"

[[package]]
name = "freetype-sys"
version = "2.4.11"
source = "git+https://github.com/servo/libfreetype2#5b6499164106f094937565595c7b96d07de55521"

[[package]]
name = "geom"
version = "0.1.0"
source = "git+https://github.com/servo/rust-geom#50a294fd997f0c6eb43e9a58ad6e227fdc2a4692"

[[package]]
name = "gfx"
version = "0.0.1"
dependencies = [
 "azure 0.1.0 (git+https://github.com/servo/rust-azure#b357751c04a89a87e6ef1f0cebe5f20957dd112d)",
 "core_foundation 0.1.0 (git+https://github.com/servo/rust-core-foundation#166a601ff3e0fc3a64ca1a9090d02c8d4f22b61a)",
 "core_graphics 0.1.0 (git+https://github.com/servo/rust-core-graphics#6a9919f8a912cc67571b891ba198d5325964a104)",
 "core_text 0.1.0 (git+https://github.com/servo/rust-core-text#1ad11072b31657eeccaf4879c6e98723d488bd3d)",
 "fontconfig 0.1.0 (git+https://github.com/servo/rust-fontconfig#b16c1e12ecb74b1e4e9a9b23c2b98580a34cf201)",
 "freetype 0.1.0 (git+https://github.com/servo/rust-freetype#0b03da276e4bdeae2300596dabc4ccb16733ad70)",
 "geom 0.1.0 (git+https://github.com/servo/rust-geom#50a294fd997f0c6eb43e9a58ad6e227fdc2a4692)",
 "harfbuzz 0.1.0 (git+https://github.com/servo/rust-harfbuzz#ad520942cc17232e1a40cdd8a99c2905623d35f6)",
 "layers 0.1.0 (git+https://github.com/servo/rust-layers#ed570335738913fb41fc62a024389dfa415962e8)",
 "msg 0.0.1",
 "net 0.0.1",
 "plugins 0.0.1",
 "png 0.1.0 (git+https://github.com/servo/rust-png#74418ffbf20e94b0d3bed4a9d004062a13342c79)",
 "stb_image 0.1.0 (git+https://github.com/servo/rust-stb-image#f5022de4ad6bb474a03493d1f274dde9b0f1af0c)",
 "style 0.0.1",
 "url 0.1.0 (git+https://github.com/servo/rust-url#bfdf809365600a7941a77524f9bb065886de3379)",
 "util 0.0.1",
]

[[package]]
name = "glfw"
version = "0.0.1"
source = "git+https://github.com/servo/glfw-rs?ref=servo#7ccfaca315a43d97914e1601c90ad348ef190edf"
dependencies = [
 "glfw-sys 3.0.4 (git+https://github.com/servo/glfw?ref=cargo-3.0.4#65a2b4721276589d9de24f6a9999a2db37286cae)",
 "semver 0.0.1 (git+https://github.com/rust-lang/semver#d04583a173395b76c1eaa15cc630a5f6f8f0ae10)",
]

[[package]]
name = "glfw-sys"
version = "3.0.4"
source = "git+https://github.com/servo/glfw?ref=cargo-3.0.4#65a2b4721276589d9de24f6a9999a2db37286cae"

[[package]]
name = "glut"
version = "0.0.1"
source = "git+https://github.com/servo/rust-glut#01af0162ea0322ad1a40d6adb023a39813605949"
dependencies = [
 "opengles 0.1.0 (git+https://github.com/servo/rust-opengles#6776e9c07feb149d34b087039ecf6b2c143e3afc)",
]

[[package]]
name = "harfbuzz"
version = "0.1.0"
source = "git+https://github.com/servo/rust-harfbuzz#ad520942cc17232e1a40cdd8a99c2905623d35f6"

[[package]]
name = "http"
version = "0.1.0-pre"
source = "git+https://github.com/servo/rust-http?ref=servo#4fdedeea8fc77149adf51bb24a37372af21c25b7"
dependencies = [
 "openssl 0.0.0 (git+https://github.com/sfackler/rust-openssl.git#a495465b75ffb18ff2303c5a11a103e00a15a13d)",
 "url 0.1.0 (git+https://github.com/servo/rust-url#bfdf809365600a7941a77524f9bb065886de3379)",
]

[[package]]
name = "hubbub"
version = "0.1.0"
source = "git+https://github.com/servo/rust-hubbub#c7f868e688de6e9cbdc26aa09292ed072bc2648b"
dependencies = [
 "hubbub-sys 0.1.2 (git+https://github.com/servo/libhubbub#6d09893991dedc616b264058442a304c03842213)",
]

[[package]]
name = "hubbub-sys"
version = "0.1.2"
source = "git+https://github.com/servo/libhubbub#6d09893991dedc616b264058442a304c03842213"
dependencies = [
 "parserutils-sys 0.1.1 (git+https://github.com/servo/libparserutils#651b636ba1214bceeb0907adb1eab60efe0d4598)",
]

[[package]]
name = "io_surface"
version = "0.1.0"
source = "git+https://github.com/servo/rust-io-surface#7038341220bd7e86e21118fac2cbc6bd50890e47"
dependencies = [
 "core_foundation 0.1.0 (git+https://github.com/servo/rust-core-foundation#166a601ff3e0fc3a64ca1a9090d02c8d4f22b61a)",
 "geom 0.1.0 (git+https://github.com/servo/rust-geom#50a294fd997f0c6eb43e9a58ad6e227fdc2a4692)",
 "opengles 0.1.0 (git+https://github.com/servo/rust-opengles#6776e9c07feb149d34b087039ecf6b2c143e3afc)",
]

[[package]]
name = "js"
version = "0.1.0"
source = "git+https://github.com/servo/rust-mozjs#41fb0d80a5ed5614ca13a120cdb3281e599d4e04"
dependencies = [
 "mozjs-sys 0.0.0 (git+https://github.com/servo/mozjs#47cd6a4e60c75642ba182f0df9a42b71ec7c2c88)",
]

[[package]]
name = "layers"
version = "0.1.0"
source = "git+https://github.com/servo/rust-layers#ed570335738913fb41fc62a024389dfa415962e8"
dependencies = [
 "core_foundation 0.1.0 (git+https://github.com/servo/rust-core-foundation#166a601ff3e0fc3a64ca1a9090d02c8d4f22b61a)",
 "egl 0.1.0 (git+https://github.com/servo/rust-egl#88f2a13812ddbce2bf2317221663a61c31b3e220)",
 "geom 0.1.0 (git+https://github.com/servo/rust-geom#50a294fd997f0c6eb43e9a58ad6e227fdc2a4692)",
 "io_surface 0.1.0 (git+https://github.com/servo/rust-io-surface#7038341220bd7e86e21118fac2cbc6bd50890e47)",
 "opengles 0.1.0 (git+https://github.com/servo/rust-opengles#6776e9c07feb149d34b087039ecf6b2c143e3afc)",
 "xlib 0.1.0 (git+https://github.com/servo/rust-xlib#581d4faddec5188d3c3ae5307dbea28aab90644c)",
]

[[package]]
name = "layout"
version = "0.0.1"
dependencies = [
 "encoding 0.1.0 (git+https://github.com/lifthrasiir/rust-encoding#35f0d70f65f73ba16f296f9ec675eddee661ba79)",
 "geom 0.1.0 (git+https://github.com/servo/rust-geom#50a294fd997f0c6eb43e9a58ad6e227fdc2a4692)",
 "gfx 0.0.1",
 "layout_traits 0.0.1",
 "net 0.0.1",
 "plugins 0.0.1",
 "script 0.0.1",
 "script_traits 0.0.1",
 "style 0.0.1",
 "url 0.1.0 (git+https://github.com/servo/rust-url#bfdf809365600a7941a77524f9bb065886de3379)",
 "util 0.0.1",
]

[[package]]
name = "layout_traits"
version = "0.0.1"
dependencies = [
 "gfx 0.0.1",
 "msg 0.0.1",
 "net 0.0.1",
 "script_traits 0.0.1",
 "util 0.0.1",
]

[[package]]
name = "lazy_static"
version = "0.1.0"
source = "git+https://github.com/Kimundi/lazy-static.rs#e62a65372f1dd9019e37eb9381d819edff80e360"

[[package]]
name = "mozjs-sys"
version = "0.0.0"
source = "git+https://github.com/servo/mozjs#47cd6a4e60c75642ba182f0df9a42b71ec7c2c88"

[[package]]
name = "msg"
version = "0.0.1"
dependencies = [
 "azure 0.1.0 (git+https://github.com/servo/rust-azure#b357751c04a89a87e6ef1f0cebe5f20957dd112d)",
 "core_foundation 0.1.0 (git+https://github.com/servo/rust-core-foundation#166a601ff3e0fc3a64ca1a9090d02c8d4f22b61a)",
 "geom 0.1.0 (git+https://github.com/servo/rust-geom#50a294fd997f0c6eb43e9a58ad6e227fdc2a4692)",
 "io_surface 0.1.0 (git+https://github.com/servo/rust-io-surface#7038341220bd7e86e21118fac2cbc6bd50890e47)",
 "layers 0.1.0 (git+https://github.com/servo/rust-layers#ed570335738913fb41fc62a024389dfa415962e8)",
 "url 0.1.0 (git+https://github.com/servo/rust-url#bfdf809365600a7941a77524f9bb065886de3379)",
 "util 0.0.1",
]

[[package]]
name = "net"
version = "0.0.1"
dependencies = [
 "geom 0.1.0 (git+https://github.com/servo/rust-geom#50a294fd997f0c6eb43e9a58ad6e227fdc2a4692)",
 "http 0.1.0-pre (git+https://github.com/servo/rust-http?ref=servo#4fdedeea8fc77149adf51bb24a37372af21c25b7)",
 "png 0.1.0 (git+https://github.com/servo/rust-png#74418ffbf20e94b0d3bed4a9d004062a13342c79)",
 "stb_image 0.1.0 (git+https://github.com/servo/rust-stb-image#f5022de4ad6bb474a03493d1f274dde9b0f1af0c)",
 "url 0.1.0 (git+https://github.com/servo/rust-url#bfdf809365600a7941a77524f9bb065886de3379)",
 "util 0.0.1",
]

[[package]]
name = "opengles"
version = "0.1.0"
source = "git+https://github.com/servo/rust-opengles#6776e9c07feb149d34b087039ecf6b2c143e3afc"

[[package]]
name = "openssl"
version = "0.0.0"
source = "git+https://github.com/sfackler/rust-openssl.git#a495465b75ffb18ff2303c5a11a103e00a15a13d"

[[package]]
name = "parserutils-sys"
version = "0.1.1"
source = "git+https://github.com/servo/libparserutils#651b636ba1214bceeb0907adb1eab60efe0d4598"

[[package]]
name = "phf"
version = "0.0.0"
source = "git+https://github.com/sfackler/rust-phf#06254fdde7708630a6397c41c6c17ef81a4b66a0"

[[package]]
name = "phf_mac"
version = "0.0.0"
source = "git+https://github.com/sfackler/rust-phf#06254fdde7708630a6397c41c6c17ef81a4b66a0"

[[package]]
name = "plugins"
version = "0.0.1"

[[package]]
name = "png"
version = "0.1.0"
source = "git+https://github.com/servo/rust-png#74418ffbf20e94b0d3bed4a9d004062a13342c79"
dependencies = [
 "png-sys 1.6.3 (git+https://github.com/servo/libpng?ref=servo#d01f32b4eb86904695efe7fc02b574f902e21a98)",
]

[[package]]
name = "png-sys"
version = "1.6.3"
source = "git+https://github.com/servo/libpng?ref=servo#d01f32b4eb86904695efe7fc02b574f902e21a98"

[[package]]
name = "script"
version = "0.0.1"
dependencies = [
 "canvas 0.0.1",
 "cssparser 0.1.0 (git+https://github.com/servo/rust-cssparser#fa619d4ffd6920dee6e7ea79f42d9cceb9015407)",
 "devtools_traits 0.0.1",
 "encoding 0.1.0 (git+https://github.com/lifthrasiir/rust-encoding#35f0d70f65f73ba16f296f9ec675eddee661ba79)",
 "geom 0.1.0 (git+https://github.com/servo/rust-geom#50a294fd997f0c6eb43e9a58ad6e227fdc2a4692)",
 "gfx 0.0.1",
 "http 0.1.0-pre (git+https://github.com/servo/rust-http?ref=servo#4fdedeea8fc77149adf51bb24a37372af21c25b7)",
 "hubbub 0.1.0 (git+https://github.com/servo/rust-hubbub#c7f868e688de6e9cbdc26aa09292ed072bc2648b)",
 "js 0.1.0 (git+https://github.com/servo/rust-mozjs#41fb0d80a5ed5614ca13a120cdb3281e599d4e04)",
 "msg 0.0.1",
 "net 0.0.1",
 "plugins 0.0.1",
 "script_traits 0.0.1",
 "style 0.0.1",
 "url 0.1.0 (git+https://github.com/servo/rust-url#bfdf809365600a7941a77524f9bb065886de3379)",
 "util 0.0.1",
]

[[package]]
name = "script_traits"
version = "0.0.1"
dependencies = [
 "devtools_traits 0.0.1",
 "geom 0.1.0 (git+https://github.com/servo/rust-geom#50a294fd997f0c6eb43e9a58ad6e227fdc2a4692)",
 "msg 0.0.1",
 "net 0.0.1",
 "url 0.1.0 (git+https://github.com/servo/rust-url#bfdf809365600a7941a77524f9bb065886de3379)",
]

[[package]]
name = "semver"
version = "0.0.1"
source = "git+https://github.com/rust-lang/semver#d04583a173395b76c1eaa15cc630a5f6f8f0ae10"

[[package]]
name = "skia-sys"
version = "0.0.20130412"
source = "git+https://github.com/servo/skia#6d696712962fd0d41120b7a414a48417da8e6a92"
dependencies = [
 "expat-sys 2.1.0 (git+https://github.com/servo/libexpat#da2ddaf78cbef836b8790807bb76b357c58df3a1)",
 "freetype-sys 2.4.11 (git+https://github.com/servo/libfreetype2#5b6499164106f094937565595c7b96d07de55521)",
]

[[package]]
name = "stb_image"
version = "0.1.0"
source = "git+https://github.com/servo/rust-stb-image#f5022de4ad6bb474a03493d1f274dde9b0f1af0c"

[[package]]
name = "string_cache"
version = "0.0.0"
source = "git+https://github.com/servo/string-cache#b348bd00cc8991e1f25749be077c5bd9cec019bb"
dependencies = [
 "phf 0.0.0 (git+https://github.com/sfackler/rust-phf#06254fdde7708630a6397c41c6c17ef81a4b66a0)",
 "phf_mac 0.0.0 (git+https://github.com/sfackler/rust-phf#06254fdde7708630a6397c41c6c17ef81a4b66a0)",
 "string_cache_macros 0.0.0 (git+https://github.com/servo/string-cache#b348bd00cc8991e1f25749be077c5bd9cec019bb)",
]

[[package]]
name = "string_cache_macros"
version = "0.0.0"
source = "git+https://github.com/servo/string-cache#b348bd00cc8991e1f25749be077c5bd9cec019bb"
dependencies = [
 "lazy_static 0.1.0 (git+https://github.com/Kimundi/lazy-static.rs#e62a65372f1dd9019e37eb9381d819edff80e360)",
]

[[package]]
name = "style"
version = "0.0.1"
dependencies = [
 "cssparser 0.1.0 (git+https://github.com/servo/rust-cssparser#fa619d4ffd6920dee6e7ea79f42d9cceb9015407)",
 "encoding 0.1.0 (git+https://github.com/lifthrasiir/rust-encoding#35f0d70f65f73ba16f296f9ec675eddee661ba79)",
 "geom 0.1.0 (git+https://github.com/servo/rust-geom#50a294fd997f0c6eb43e9a58ad6e227fdc2a4692)",
 "lazy_static 0.1.0 (git+https://github.com/Kimundi/lazy-static.rs#e62a65372f1dd9019e37eb9381d819edff80e360)",
 "plugins 0.0.1",
 "url 0.1.0 (git+https://github.com/servo/rust-url#bfdf809365600a7941a77524f9bb065886de3379)",
 "util 0.0.1",
]

[[package]]
name = "task_info"
version = "0.0.1"

[[package]]
name = "url"
version = "0.1.0"
source = "git+https://github.com/servo/rust-url#bfdf809365600a7941a77524f9bb065886de3379"
dependencies = [
 "encoding 0.1.0 (git+https://github.com/lifthrasiir/rust-encoding#35f0d70f65f73ba16f296f9ec675eddee661ba79)",
]

[[package]]
name = "util"
version = "0.0.1"
dependencies = [
 "azure 0.1.0 (git+https://github.com/servo/rust-azure#b357751c04a89a87e6ef1f0cebe5f20957dd112d)",
 "geom 0.1.0 (git+https://github.com/servo/rust-geom#50a294fd997f0c6eb43e9a58ad6e227fdc2a4692)",
 "string_cache 0.0.0 (git+https://github.com/servo/string-cache#b348bd00cc8991e1f25749be077c5bd9cec019bb)",
 "task_info 0.0.1",
 "url 0.1.0 (git+https://github.com/servo/rust-url#bfdf809365600a7941a77524f9bb065886de3379)",
]

[[package]]
name = "xlib"
version = "0.1.0"
source = "git+https://github.com/servo/rust-xlib#581d4faddec5188d3c3ae5307dbea28aab90644c"

