[root]
name = "servo"
version = "0.0.1"

[[package]]
name = "test_blocked"
version = "0.0.2"
source = "registry+https://github.com/rust-lang/crates.io-index"
dependencies = [
    "rand 0.6.5 (registry+https://github.com/rust-lang/crates.io-index)",
]

[[package]]
name = "test_exception"
version = "0.0.3"
source = "registry+https://github.com/rust-lang/crates.io-index"
dependencies = [
    "rand 0.6.5 (registry+https://github.com/rust-lang/crates.io-index)",
]

[[package]]
name = "test_unneeded_exception"
version = "0.0.4"
source = "registry+https://github.com/rust-lang/crates.io-index"
dependencies = [
]
