ccopy_reg
_reconstructor
p1
(cwptrunner.update.state
State
p2
c__builtin__
object
p3
NtRp4
(dp5
S'_data'
p6
(lp7
(dp8
S'paths'
p9
ccollections
OrderedDict
p10
((lp11
(lp12
S'/'
a(dp13
S'metadata_path'
p14
V/home/farodin91/Git/servo/tests/wpt/metadata
p15
sS'tests_path'
p16
V/home/farodin91/Git/servo/tests/wpt/web-platform-tests
p17
saa(lp18
S'/_mozilla/'
p19
a(dp20
g14
V/home/farodin91/Git/servo/tests/wpt/mozilla/meta
p21
sg16
V/home/farodin91/Git/servo/tests/wpt/mozilla/tests
p22
saatRp23
sg14
g15
sS'sync'
p24
(dp25
S'path'
p26
V/home/farodin91/Git/servo/tests/wpt/sync
p27
sS'branch'
p28
S'master'
p29
sS'remote_url'
p30
S'https://github.com/w3c/web-platform-tests.git'
p31
ssS'serve_root'
p32
g17
sS'sync_tree'
p33
NsS'steps'
p34
(lp35
S'LoadConfig'
p36
aS'LoadTrees'
p37
aS'SyncToUpstream'
p38
aS'SyncFromUpstream'
p39
asS'kwargs'
p40
(dp41
S'sync_path'
p42
g27
sS'product'
p43
Vservo
p44
sS'metadata_root'
p45
NsS'continue'
p46
I00
sS'config_path'
p47
V/home/farodin91/Git/servo/tests/wpt/config.ini
p48
sS'config'
p49
g10
((lp50
(lp51
S'products'
p52
ag1
(cwptrunner.config
ConfigDict
p53
c__builtin__
dict
p54
(dp55
S'servodriver'
p56
S''
sS'firefox'
p57
S''
sS'servo'
p58
S''
stRp59
(dp60
S'base_path'
p61
V/home/farodin91/Git/servo/tests/wpt
p62
sbaa(lp63
S'web-platform-tests'
p64
ag1
(g53
g54
(dp65
S'sync_path'
p66
S'sync'
p67
sS'remote_url'
p68
g31
sS'branch'
p69
g29
stRp70
(dp71
g61
g62
sbaa(lp72
S'paths'
p73
ag1
(g53
g54
(dp74
S'run-info'
p75
S'.'
stRp76
(dp77
g61
g62
sbaa(lp78
S'manifest:upstream'
p79
ag1
(g53
g54
(dp80
S'tests'
p81
S'web-platform-tests'
p82
sS'url-base'
p83
S'/'
sS'metadata'
p84
S'metadata'
p85
stRp86
(dp87
g61
g62
sbaa(lp88
S'manifest:mozilla'
p89
ag1
(g53
g54
(dp90
S'tests'
p91
S'mozilla/tests'
p92
sS'url_base'
p93
g19
sS'metadata'
p94
S'mozilla/meta'
p95
stRp96
(dp97
g61
g62
sbaatRp98
sS'test_paths'
p99
g23
sS'run_log'
p100
(lp101
S'/tmp/servo.log'
p102
asS'rev'
p103
Nsg24
I00
sS'ignore_existing'
p104
I00
sS'token'
p105
NsS'abort'
p106
I00
sS'suite_name'
p107
S'web-platform-tests'
p108
sg28
g29
sS'upstream'
p109
I00
sS'no_patch'
p110
I01
sS'tests_root'
p111
Nsg30
g31
ssg16
g17
sS'local_tree'
p112
g1
(cupdate.tree
GitTree
p113
g3
NtRp114
(dp115
S'commit_cls'
p116
cupdate.tree
GeckoCommit
p117
sS'message'
p118
NsS'root'
p119
S'/home/farodin91/Git/servo'
p120
sbsa(dp121
g9
g23
sg43
g44
sS'boolean_properties'
p122
Nsg100
g101
sg33
Nsg32
g17
sS'property_order'
p123
(lp124
S'debug'
p125
aS'os'
p126
aS'version'
p127
aS'processor'
p128
aS'bits'
p129
aS'backend'
p130
asg34
(lp131
S'GetUpdatePropertyList'
p132
asg110
I01
sg107
g108
sg104
I00
sg49
g98
sg112
g114
sasS'_index'
p133
I1
sb.