[root]
name = "b2s"
version = "0.0.1"
dependencies = [
 "compositing 0.0.1",
 "egl 0.1.0 (git+https://github.com/servo/rust-egl)",
 "geom 0.1.0 (git+https://github.com/servo/rust-geom)",
 "layers 0.1.0 (git+https://github.com/servo/rust-layers)",
 "msg 0.0.1",
 "script 0.0.1",
 "servo 0.0.1",
 "util 0.0.1",
]

[[package]]
name = "azure"
version = "0.1.0"
source = "git+https://github.com/servo/rust-azure#72deb42903b12dc6f1924fa1757cd79d37b35429"
dependencies = [
 "core_foundation 0.1.0 (git+https://github.com/servo/rust-core-foundation)",
 "core_graphics 0.1.0 (git+https://github.com/servo/rust-core-graphics)",
 "core_text 0.1.0 (git+https://github.com/servo/rust-core-text)",
 "egl 0.1.0 (git+https://github.com/servo/rust-egl)",
 "freetype 0.1.0 (git+https://github.com/servo/rust-freetype)",
 "geom 0.1.0 (git+https://github.com/servo/rust-geom)",
 "skia-sys 0.0.20130412 (git+https://github.com/servo/skia?branch=upstream-2014-06-16)",
 "xlib 0.1.0 (git+https://github.com/servo/rust-xlib)",
]

[[package]]
name = "canvas"
version = "0.0.1"
dependencies = [
 "azure 0.1.0 (git+https://github.com/servo/rust-azure)",
 "geom 0.1.0 (git+https://github.com/servo/rust-geom)",
 "util 0.0.1",
]

[[package]]
name = "cgl"
version = "0.0.1"
source = "git+https://github.com/servo/rust-cgl#7b7090729f65e2287c3d80651df02e547911b119"
dependencies = [
 "gleam 0.0.1 (git+https://github.com/servo/gleam)",
]

[[package]]
name = "compositing"
version = "0.0.1"
dependencies = [
 "azure 0.1.0 (git+https://github.com/servo/rust-azure)",
 "core_graphics 0.1.0 (git+https://github.com/servo/rust-core-graphics)",
 "core_text 0.1.0 (git+https://github.com/servo/rust-core-text)",
 "devtools 0.0.1",
 "devtools_traits 0.0.1",
 "geom 0.1.0 (git+https://github.com/servo/rust-geom)",
 "gfx 0.0.1",
 "gleam 0.0.1 (git+https://github.com/servo/gleam)",
 "layers 0.1.0 (git+https://github.com/servo/rust-layers)",
 "layout_traits 0.0.1",
 "msg 0.0.1",
 "net 0.0.1",
 "png 0.1.0 (git+https://github.com/servo/rust-png)",
 "script_traits 0.0.1",
 "time 0.1.12 (registry+https://github.com/rust-lang/crates.io-index)",
 "url 0.2.16 (registry+https://github.com/rust-lang/crates.io-index)",
 "util 0.0.1",
]

[[package]]
name = "cookie"
version = "0.1.8"
source = "registry+https://github.com/rust-lang/crates.io-index"
dependencies = [
 "openssl 0.2.16 (registry+https://github.com/rust-lang/crates.io-index)",
 "rustc-serialize 0.2.7 (registry+https://github.com/rust-lang/crates.io-index)",
 "time 0.1.12 (registry+https://github.com/rust-lang/crates.io-index)",
 "url 0.2.16 (registry+https://github.com/rust-lang/crates.io-index)",
]

[[package]]
name = "core_foundation"
version = "0.1.0"
source = "git+https://github.com/servo/rust-core-foundation#ce3d852765827b64a0d5fb2aadd77da39665b0b0"

[[package]]
name = "core_graphics"
version = "0.1.0"
source = "git+https://github.com/servo/rust-core-graphics#9434e2bda65d259f825104170b5fa6cc6dbaf5a9"
dependencies = [
 "core_foundation 0.1.0 (git+https://github.com/servo/rust-core-foundation)",
]

[[package]]
name = "core_text"
version = "0.1.0"
source = "git+https://github.com/servo/rust-core-text#b5cb33905350e99b2a19f5a22f7b1efea7ad48c2"
dependencies = [
 "core_foundation 0.1.0 (git+https://github.com/servo/rust-core-foundation)",
 "core_graphics 0.1.0 (git+https://github.com/servo/rust-core-graphics)",
]

[[package]]
name = "cssparser"
version = "0.2.0"
source = "git+https://github.com/servo/rust-cssparser#2a8c9f2c5f568495bae16f44b799be39b8efad39"
dependencies = [
 "encoding 0.2.18 (registry+https://github.com/rust-lang/crates.io-index)",
 "matches 0.1.2 (registry+https://github.com/rust-lang/crates.io-index)",
 "text_writer 0.1.8 (registry+https://github.com/rust-lang/crates.io-index)",
]

[[package]]
name = "devtools"
version = "0.0.1"
dependencies = [
 "devtools_traits 0.0.1",
 "msg 0.0.1",
 "util 0.0.1",
]

[[package]]
name = "devtools_traits"
version = "0.0.1"
dependencies = [
 "msg 0.0.1",
]

[[package]]
name = "egl"
version = "0.1.0"
source = "git+https://github.com/servo/rust-egl#cd74c82a8537090edb6c16478e2261db2a8c0b4f"

[[package]]
name = "encoding"
version = "0.2.18"
source = "registry+https://github.com/rust-lang/crates.io-index"
dependencies = [
 "encoding-index-japanese 1.20141219.0 (registry+https://github.com/rust-lang/crates.io-index)",
 "encoding-index-korean 1.20141219.0 (registry+https://github.com/rust-lang/crates.io-index)",
 "encoding-index-simpchinese 1.20141219.0 (registry+https://github.com/rust-lang/crates.io-index)",
 "encoding-index-singlebyte 1.20141219.0 (registry+https://github.com/rust-lang/crates.io-index)",
 "encoding-index-tradchinese 1.20141219.0 (registry+https://github.com/rust-lang/crates.io-index)",
]

[[package]]
name = "encoding-index-japanese"
version = "1.20141219.0"
source = "registry+https://github.com/rust-lang/crates.io-index"
dependencies = [
 "encoding_index_tests 0.1.3 (registry+https://github.com/rust-lang/crates.io-index)",
]

[[package]]
name = "encoding-index-korean"
version = "1.20141219.0"
source = "registry+https://github.com/rust-lang/crates.io-index"
dependencies = [
 "encoding_index_tests 0.1.3 (registry+https://github.com/rust-lang/crates.io-index)",
]

[[package]]
name = "encoding-index-simpchinese"
version = "1.20141219.0"
source = "registry+https://github.com/rust-lang/crates.io-index"
dependencies = [
 "encoding_index_tests 0.1.3 (registry+https://github.com/rust-lang/crates.io-index)",
]

[[package]]
name = "encoding-index-singlebyte"
version = "1.20141219.0"
source = "registry+https://github.com/rust-lang/crates.io-index"
dependencies = [
 "encoding_index_tests 0.1.3 (registry+https://github.com/rust-lang/crates.io-index)",
]

[[package]]
name = "encoding-index-tradchinese"
version = "1.20141219.0"
source = "registry+https://github.com/rust-lang/crates.io-index"
dependencies = [
 "encoding_index_tests 0.1.3 (registry+https://github.com/rust-lang/crates.io-index)",
]

[[package]]
name = "encoding_index_tests"
version = "0.1.3"
source = "registry+https://github.com/rust-lang/crates.io-index"

[[package]]
name = "expat-sys"
version = "2.1.0"
source = "git+https://github.com/servo/libexpat#da2ddaf78cbef836b8790807bb76b357c58df3a1"

[[package]]
name = "fontconfig"
version = "0.1.0"
source = "git+https://github.com/servo/rust-fontconfig#f42ff5cbd0404fe4d2cd64e8d9bb6307bad8fd7c"
dependencies = [
 "fontconfig-sys 2.11.1 (git+https://github.com/servo/libfontconfig)",
]

[[package]]
name = "fontconfig-sys"
version = "2.11.1"
source = "git+https://github.com/servo/libfontconfig#fcc324d2c8175d2e8e8c0aab032c03a404809f6d"
dependencies = [
 "expat-sys 2.1.0 (git+https://github.com/servo/libexpat)",
 "freetype-sys 2.4.11 (git+https://github.com/servo/libfreetype2)",
]

[[package]]
name = "freetype"
version = "0.1.0"
source = "git+https://github.com/servo/rust-freetype#ec0231343a3ad360d86846c12895a0a0cbb19f79"

[[package]]
name = "freetype-sys"
version = "2.4.11"
source = "git+https://github.com/servo/libfreetype2#f5c49c0da1d5bc6b206c4176344012ac37524243"

[[package]]
name = "gcc"
version = "0.1.4"
source = "git+https://github.com/alexcrichton/gcc-rs#f5c52d956e0742a66e40c8301e634e136c3ae287"

[[package]]
name = "gcc"
version = "0.1.4"
source = "registry+https://github.com/rust-lang/crates.io-index"

[[package]]
name = "geom"
version = "0.1.0"
source = "git+https://github.com/servo/rust-geom#a4a4a03aa024412bf3f4e093c0198b433c6ad63f"

[[package]]
name = "gfx"
version = "0.0.1"
dependencies = [
 "azure 0.1.0 (git+https://github.com/servo/rust-azure)",
 "core_foundation 0.1.0 (git+https://github.com/servo/rust-core-foundation)",
 "core_graphics 0.1.0 (git+https://github.com/servo/rust-core-graphics)",
 "core_text 0.1.0 (git+https://github.com/servo/rust-core-text)",
 "fontconfig 0.1.0 (git+https://github.com/servo/rust-fontconfig)",
 "freetype 0.1.0 (git+https://github.com/servo/rust-freetype)",
 "geom 0.1.0 (git+https://github.com/servo/rust-geom)",
 "harfbuzz 0.1.0 (git+https://github.com/servo/rust-harfbuzz)",
 "layers 0.1.0 (git+https://github.com/servo/rust-layers)",
 "msg 0.0.1",
 "net 0.0.1",
 "plugins 0.0.1",
 "png 0.1.0 (git+https://github.com/servo/rust-png)",
 "script_traits 0.0.1",
 "stb_image 0.1.0 (git+https://github.com/servo/rust-stb-image)",
 "style 0.0.1",
 "time 0.1.12 (registry+https://github.com/rust-lang/crates.io-index)",
 "url 0.2.16 (registry+https://github.com/rust-lang/crates.io-index)",
 "util 0.0.1",
]

[[package]]
name = "gl_common"
version = "0.0.3"
source = "git+https://github.com/bjz/gl-rs.git#230e6c9ed611cddfcb6682dee9686471d54863d0"

[[package]]
name = "gl_generator"
version = "0.0.12"
source = "git+https://github.com/bjz/gl-rs.git#230e6c9ed611cddfcb6682dee9686471d54863d0"
dependencies = [
 "gl_common 0.0.3 (git+https://github.com/bjz/gl-rs.git)",
 "khronos_api 0.0.5 (git+https://github.com/bjz/gl-rs.git)",
 "log 0.1.9 (registry+https://github.com/rust-lang/crates.io-index)",
 "xml-rs 0.1.12 (registry+https://github.com/rust-lang/crates.io-index)",
]

[[package]]
name = "gleam"
version = "0.0.1"
source = "git+https://github.com/servo/gleam#375779e0e8e1eaa8ff1a732c81fa91808a7f6c63"
dependencies = [
 "gl_common 0.0.3 (git+https://github.com/bjz/gl-rs.git)",
 "gl_generator 0.0.12 (git+https://github.com/bjz/gl-rs.git)",
]

[[package]]
name = "glx"
version = "0.0.1"
source = "git+https://github.com/servo/rust-glx#f056a8998987f6f081f9ad7fa396beb1b2988c02"
dependencies = [
 "gl_common 0.0.3 (git+https://github.com/bjz/gl-rs.git)",
 "gl_generator 0.0.12 (git+https://github.com/bjz/gl-rs.git)",
]

[[package]]
name = "harfbuzz"
version = "0.1.0"
source = "git+https://github.com/servo/rust-harfbuzz#59b5b18087418404d661784934c3d864386024b5"

[[package]]
name = "html5ever"
version = "0.0.0"
source = "git+https://github.com/servo/html5ever#d35dfaaf0d85007057a299afc370d07e92538944"
dependencies = [
 "html5ever_macros 0.0.0 (git+https://github.com/servo/html5ever)",
 "phf 0.4.9 (registry+https://github.com/rust-lang/crates.io-index)",
 "phf_mac 0.4.9 (registry+https://github.com/rust-lang/crates.io-index)",
 "string_cache 0.0.0 (git+https://github.com/servo/string-cache)",
 "string_cache_macros 0.0.0 (git+https://github.com/servo/string-cache)",
 "time 0.1.12 (registry+https://github.com/rust-lang/crates.io-index)",
]

[[package]]
name = "html5ever_macros"
version = "0.0.0"
source = "git+https://github.com/servo/html5ever#d35dfaaf0d85007057a299afc370d07e92538944"

[[package]]
name = "hyper"
version = "0.1.0"
source = "git+https://github.com/servo/hyper?branch=servo#248a6f29086baa841eb30c88540dca3196accae4"
dependencies = [
 "cookie 0.1.8 (registry+https://github.com/rust-lang/crates.io-index)",
 "log 0.1.9 (registry+https://github.com/rust-lang/crates.io-index)",
 "mime 0.0.6 (registry+https://github.com/rust-lang/crates.io-index)",
 "mucell 0.1.10 (registry+https://github.com/rust-lang/crates.io-index)",
 "openssl 0.2.16 (registry+https://github.com/rust-lang/crates.io-index)",
 "rustc-serialize 0.2.7 (registry+https://github.com/rust-lang/crates.io-index)",
 "time 0.1.12 (registry+https://github.com/rust-lang/crates.io-index)",
 "unicase 0.0.2 (registry+https://github.com/rust-lang/crates.io-index)",
 "unsafe-any 0.2.1 (registry+https://github.com/rust-lang/crates.io-index)",
 "url 0.2.16 (registry+https://github.com/rust-lang/crates.io-index)",
]

[[package]]
name = "io_surface"
version = "0.1.0"
source = "git+https://github.com/servo/rust-io-surface#691cbccc320c4fb9b75e215da9b0b82539d729bd"
dependencies = [
 "cgl 0.0.1 (git+https://github.com/servo/rust-cgl)",
 "core_foundation 0.1.0 (git+https://github.com/servo/rust-core-foundation)",
 "geom 0.1.0 (git+https://github.com/servo/rust-geom)",
 "gleam 0.0.1 (git+https://github.com/servo/gleam)",
]

[[package]]
name = "js"
version = "0.1.0"
source = "git+https://github.com/servo/rust-mozjs#6cabb12f858f27d23fc3d2d9f0c334b80eb56573"
dependencies = [
 "mozjs-sys 0.0.0 (git+https://github.com/servo/mozjs)",
]

[[package]]
name = "khronos_api"
version = "0.0.5"
source = "git+https://github.com/bjz/gl-rs.git#230e6c9ed611cddfcb6682dee9686471d54863d0"

[[package]]
name = "layers"
version = "0.1.0"
source = "git+https://github.com/servo/rust-layers#8dece8325eda4a74816832580e62ebd3afc99dfb"
dependencies = [
 "azure 0.1.0 (git+https://github.com/servo/rust-azure)",
 "cgl 0.0.1 (git+https://github.com/servo/rust-cgl)",
 "core_foundation 0.1.0 (git+https://github.com/servo/rust-core-foundation)",
 "egl 0.1.0 (git+https://github.com/servo/rust-egl)",
 "geom 0.1.0 (git+https://github.com/servo/rust-geom)",
 "gleam 0.0.1 (git+https://github.com/servo/gleam)",
 "glx 0.0.1 (git+https://github.com/servo/rust-glx)",
 "io_surface 0.1.0 (git+https://github.com/servo/rust-io-surface)",
 "xlib 0.1.0 (git+https://github.com/servo/rust-xlib)",
]

[[package]]
name = "layout"
version = "0.0.1"
dependencies = [
 "canvas 0.0.1",
 "cssparser 0.2.0 (git+https://github.com/servo/rust-cssparser)",
 "encoding 0.2.18 (registry+https://github.com/rust-lang/crates.io-index)",
 "geom 0.1.0 (git+https://github.com/servo/rust-geom)",
 "gfx 0.0.1",
 "layout_traits 0.0.1",
 "net 0.0.1",
 "plugins 0.0.1",
 "script 0.0.1",
 "script_traits 0.0.1",
 "string_cache 0.0.0 (git+https://github.com/servo/string-cache)",
 "string_cache_macros 0.0.0 (git+https://github.com/servo/string-cache)",
 "style 0.0.1",
 "url 0.2.16 (registry+https://github.com/rust-lang/crates.io-index)",
 "util 0.0.1",
]

[[package]]
name = "layout_traits"
version = "0.0.1"
dependencies = [
 "gfx 0.0.1",
 "msg 0.0.1",
 "net 0.0.1",
 "script_traits 0.0.1",
 "util 0.0.1",
]

[[package]]
name = "lazy_static"
version = "0.1.6"
source = "git+https://github.com/Kimundi/lazy-static.rs#31a7aa0176ecd70b4aab274a40d1e2cd78c1fbf8"

[[package]]
name = "libressl-pnacl-sys"
version = "2.1.0"
source = "registry+https://github.com/rust-lang/crates.io-index"
dependencies = [
 "pnacl-build-helper 1.0.0 (registry+https://github.com/rust-lang/crates.io-index)",
]

[[package]]
name = "log"
version = "0.1.9"
source = "registry+https://github.com/rust-lang/crates.io-index"
dependencies = [
 "regex 0.1.10 (registry+https://github.com/rust-lang/crates.io-index)",
]

[[package]]
name = "matches"
version = "0.1.2"
source = "registry+https://github.com/rust-lang/crates.io-index"

[[package]]
name = "mime"
version = "0.0.6"
source = "registry+https://github.com/rust-lang/crates.io-index"
dependencies = [
 "log 0.1.9 (registry+https://github.com/rust-lang/crates.io-index)",
]

[[package]]
name = "mozjs-sys"
version = "0.0.0"
source = "git+https://github.com/servo/mozjs#58ee8869c7e589244ab2eb3a3ad15e2b64498428"

[[package]]
name = "msg"
version = "0.0.1"
dependencies = [
 "azure 0.1.0 (git+https://github.com/servo/rust-azure)",
 "core_foundation 0.1.0 (git+https://github.com/servo/rust-core-foundation)",
 "geom 0.1.0 (git+https://github.com/servo/rust-geom)",
 "hyper 0.1.0 (git+https://github.com/servo/hyper?branch=servo)",
 "io_surface 0.1.0 (git+https://github.com/servo/rust-io-surface)",
 "layers 0.1.0 (git+https://github.com/servo/rust-layers)",
 "style 0.0.1",
 "url 0.2.16 (registry+https://github.com/rust-lang/crates.io-index)",
 "util 0.0.1",
]

[[package]]
name = "mucell"
version = "0.1.10"
source = "registry+https://github.com/rust-lang/crates.io-index"

[[package]]
name = "net"
version = "0.0.1"
dependencies = [
 "geom 0.1.0 (git+https://github.com/servo/rust-geom)",
 "hyper 0.1.0 (git+https://github.com/servo/hyper?branch=servo)",
 "png 0.1.0 (git+https://github.com/servo/rust-png)",
 "stb_image 0.1.0 (git+https://github.com/servo/rust-stb-image)",
 "time 0.1.12 (registry+https://github.com/rust-lang/crates.io-index)",
 "url 0.2.16 (registry+https://github.com/rust-lang/crates.io-index)",
 "util 0.0.1",
]

[[package]]
name = "openssl"
version = "0.2.16"
source = "registry+https://github.com/rust-lang/crates.io-index"
dependencies = [
 "openssl-sys 0.2.16 (registry+https://github.com/rust-lang/crates.io-index)",
]

[[package]]
name = "openssl-sys"
version = "0.2.16"
source = "registry+https://github.com/rust-lang/crates.io-index"
dependencies = [
 "libressl-pnacl-sys 2.1.0 (registry+https://github.com/rust-lang/crates.io-index)",
 "pkg-config 0.1.2 (registry+https://github.com/rust-lang/crates.io-index)",
]

[[package]]
name = "phf"
version = "0.4.9"
source = "registry+https://github.com/rust-lang/crates.io-index"
dependencies = [
 "phf_shared 0.4.9 (registry+https://github.com/rust-lang/crates.io-index)",
]

[[package]]
name = "phf_mac"
version = "0.4.9"
source = "registry+https://github.com/rust-lang/crates.io-index"
dependencies = [
 "phf_shared 0.4.9 (registry+https://github.com/rust-lang/crates.io-index)",
]

[[package]]
name = "phf_shared"
version = "0.4.9"
source = "registry+https://github.com/rust-lang/crates.io-index"

[[package]]
name = "pkg-config"
version = "0.1.2"
source = "registry+https://github.com/rust-lang/crates.io-index"

[[package]]
name = "plugins"
version = "0.0.1"

[[package]]
name = "pnacl-build-helper"
version = "1.0.0"
source = "registry+https://github.com/rust-lang/crates.io-index"

[[package]]
name = "png"
version = "0.1.0"
source = "git+https://github.com/servo/rust-png#2804379427ced963466d19132b816bb06a8a4006"
dependencies = [
 "gcc 0.1.4 (git+https://github.com/alexcrichton/gcc-rs)",
 "png-sys 1.6.16 (git+https://github.com/servo/rust-png)",
]

[[package]]
name = "png-sys"
version = "1.6.16"
source = "git+https://github.com/servo/rust-png#2804379427ced963466d19132b816bb06a8a4006"

[[package]]
name = "regex"
version = "0.1.10"
source = "registry+https://github.com/rust-lang/crates.io-index"

[[package]]
name = "rustc-serialize"
version = "0.2.7"
source = "registry+https://github.com/rust-lang/crates.io-index"

[[package]]
name = "script"
version = "0.0.1"
dependencies = [
 "canvas 0.0.1",
 "cssparser 0.2.0 (git+https://github.com/servo/rust-cssparser)",
 "devtools_traits 0.0.1",
 "encoding 0.2.18 (registry+https://github.com/rust-lang/crates.io-index)",
 "geom 0.1.0 (git+https://github.com/servo/rust-geom)",
 "gfx 0.0.1",
 "html5ever 0.0.0 (git+https://github.com/servo/html5ever)",
 "hyper 0.1.0 (git+https://github.com/servo/hyper?branch=servo)",
 "js 0.1.0 (git+https://github.com/servo/rust-mozjs)",
 "msg 0.0.1",
 "net 0.0.1",
 "plugins 0.0.1",
 "script_traits 0.0.1",
 "string_cache 0.0.0 (git+https://github.com/servo/string-cache)",
 "string_cache_macros 0.0.0 (git+https://github.com/servo/string-cache)",
 "style 0.0.1",
 "time 0.1.12 (registry+https://github.com/rust-lang/crates.io-index)",
 "url 0.2.16 (registry+https://github.com/rust-lang/crates.io-index)",
 "util 0.0.1",
 "uuid 0.1.7 (git+https://github.com/rust-lang/uuid)",
]

[[package]]
name = "script_traits"
version = "0.0.1"
dependencies = [
 "devtools_traits 0.0.1",
 "geom 0.1.0 (git+https://github.com/servo/rust-geom)",
 "msg 0.0.1",
 "net 0.0.1",
 "url 0.2.16 (registry+https://github.com/rust-lang/crates.io-index)",
 "util 0.0.1",
]

[[package]]
name = "servo"
version = "0.0.1"
dependencies = [
 "compositing 0.0.1",
 "devtools 0.0.1",
 "gfx 0.0.1",
 "layout 0.0.1",
 "msg 0.0.1",
 "net 0.0.1",
 "png 0.1.0 (git+https://github.com/servo/rust-png)",
 "script 0.0.1",
 "time 0.1.12 (registry+https://github.com/rust-lang/crates.io-index)",
 "url 0.2.16 (registry+https://github.com/rust-lang/crates.io-index)",
 "util 0.0.1",
]

[[package]]
name = "skia-sys"
version = "0.0.20130412"
source = "git+https://github.com/servo/skia?branch=upstream-2014-06-16#aeb720b947ec463f780a0d00ab8485f902a83986"
dependencies = [
 "expat-sys 2.1.0 (git+https://github.com/servo/libexpat)",
 "freetype-sys 2.4.11 (git+https://github.com/servo/libfreetype2)",
]

[[package]]
name = "stb_image"
version = "0.1.0"
source = "git+https://github.com/servo/rust-stb-image#2ba03a447b9ef101c25e07bb7f8876416e5fcd71"

[[package]]
name = "string_cache"
version = "0.0.0"
source = "git+https://github.com/servo/string-cache#43a1e5d0d0f2a45e2b96160c8fbe6e1d9602cfa9"
dependencies = [
 "lazy_static 0.1.6 (git+https://github.com/Kimundi/lazy-static.rs)",
 "phf 0.4.9 (registry+https://github.com/rust-lang/crates.io-index)",
 "phf_mac 0.4.9 (registry+https://github.com/rust-lang/crates.io-index)",
 "string_cache_macros 0.0.0 (git+https://github.com/servo/string-cache)",
 "xxhash 0.0.8 (registry+https://github.com/rust-lang/crates.io-index)",
]

[[package]]
name = "string_cache_macros"
version = "0.0.0"
source = "git+https://github.com/servo/string-cache#43a1e5d0d0f2a45e2b96160c8fbe6e1d9602cfa9"
dependencies = [
 "lazy_static 0.1.6 (git+https://github.com/Kimundi/lazy-static.rs)",
]

[[package]]
name = "style"
version = "0.0.1"
dependencies = [
 "cssparser 0.2.0 (git+https://github.com/servo/rust-cssparser)",
 "encoding 0.2.18 (registry+https://github.com/rust-lang/crates.io-index)",
 "geom 0.1.0 (git+https://github.com/servo/rust-geom)",
 "lazy_static 0.1.6 (git+https://github.com/Kimundi/lazy-static.rs)",
 "matches 0.1.2 (registry+https://github.com/rust-lang/crates.io-index)",
 "plugins 0.0.1",
 "string_cache 0.0.0 (git+https://github.com/servo/string-cache)",
 "string_cache_macros 0.0.0 (git+https://github.com/servo/string-cache)",
 "text_writer 0.1.8 (registry+https://github.com/rust-lang/crates.io-index)",
 "url 0.2.16 (registry+https://github.com/rust-lang/crates.io-index)",
 "util 0.0.1",
]

[[package]]
name = "task_info"
version = "0.0.1"

[[package]]
name = "text_writer"
version = "0.1.8"
source = "registry+https://github.com/rust-lang/crates.io-index"

[[package]]
name = "time"
version = "0.1.12"
source = "registry+https://github.com/rust-lang/crates.io-index"
dependencies = [
 "gcc 0.1.4 (registry+https://github.com/rust-lang/crates.io-index)",
]

[[package]]
name = "unicase"
version = "0.0.2"
source = "registry+https://github.com/rust-lang/crates.io-index"

[[package]]
name = "unsafe-any"
version = "0.2.1"
source = "registry+https://github.com/rust-lang/crates.io-index"

[[package]]
name = "url"
version = "0.2.16"
source = "registry+https://github.com/rust-lang/crates.io-index"
dependencies = [
 "matches 0.1.2 (registry+https://github.com/rust-lang/crates.io-index)",
 "rustc-serialize 0.2.7 (registry+https://github.com/rust-lang/crates.io-index)",
]

[[package]]
name = "util"
version = "0.0.1"
dependencies = [
 "cssparser 0.2.0 (git+https://github.com/servo/rust-cssparser)",
 "geom 0.1.0 (git+https://github.com/servo/rust-geom)",
 "layers 0.1.0 (git+https://github.com/servo/rust-layers)",
 "plugins 0.0.1",
 "string_cache 0.0.0 (git+https://github.com/servo/string-cache)",
 "string_cache_macros 0.0.0 (git+https://github.com/servo/string-cache)",
 "task_info 0.0.1",
 "text_writer 0.1.8 (registry+https://github.com/rust-lang/crates.io-index)",
 "time 0.1.12 (registry+https://github.com/rust-lang/crates.io-index)",
 "url 0.2.16 (registry+https://github.com/rust-lang/crates.io-index)",
]

[[package]]
name = "uuid"
version = "0.1.7"
source = "git+https://github.com/rust-lang/uuid#3ea51ffa0682c820e8c8b505de078e3bc93e2cb3"
dependencies = [
 "rustc-serialize 0.2.7 (registry+https://github.com/rust-lang/crates.io-index)",
]

[[package]]
name = "xlib"
version = "0.1.0"
source = "git+https://github.com/servo/rust-xlib#138b0e281b9fd64f7d2e17080fa9a2d4a8554313"

[[package]]
name = "xml-rs"
version = "0.1.12"
source = "registry+https://github.com/rust-lang/crates.io-index"

[[package]]
name = "xxhash"
version = "0.0.8"
source = "registry+https://github.com/rust-lang/crates.io-index"

