{
  "name": "ws-speed-test",
  "version": "0.1.0",
  "lockfileVersion": 3,
  "requires": true,
  "packages": {
    "": {
      "version": "0.1.0",
      "dependencies": {
        "ws": "^5.2.4"
      }
    },
    "node_modules/async-limiter": {
      "version": "1.0.0",
      "resolved": "https://registry.npmjs.org/async-limiter/-/async-limiter-1.0.0.tgz",
      "integrity": "sha512-jp/uFnooOiO+L211eZOoSyzpOITMXx1rBITauYykG3BRYPu8h0UcxsPNB04RR5vo4Tyz3+ay17tR6JVf9qzYWg=="
    },
    "node_modules/ws": {
      "version": "5.2.4",
      "resolved": "https://registry.npmjs.org/ws/-/ws-5.2.4.tgz",
      "integrity": "sha512-fFCejsuC8f9kOSu9FYaOw8CdO68O3h5v0lg4p74o8JqWpwTf9tniOD+nOB78aWoVSS6WptVUmDrp/KPsMVBWFQ==",
      "license": "MIT",
      "dependencies": {
        "async-limiter": "~1.0.0"
      }
    }
  }
}
